
Microsoft Visual Studio Solution File, Format Version 12.00
# Visual Studio Version 17
VisualStudioVersion = 17.0.31903.59
MinimumVisualStudioVersion = 10.0.40219.1
Project("{FAE04EC0-301F-11D3-BF4B-00C04F79EFBC}") = "ComparisonAppXamarin.Android", "ComparisonAppXamarin\ComparisonAppXamarin.Android\ComparisonAppXamarin.Android.csproj", "{B9EA7DB4-29C4-4B0E-A52D-1AE244B8DF79}"
EndProject
Project("{FAE04EC0-301F-11D3-BF4B-00C04F79EFBC}") = "ComparisonAppXamarin.iOS", "ComparisonAppXamarin\ComparisonAppXamarin.iOS\ComparisonAppXamarin.iOS.csproj", "{2AE8EC13-E88C-4D10-93F0-A98904E1635A}"
EndProject
Project("{FAE04EC0-301F-11D3-BF4B-00C04F79EFBC}") = "ComparisonAppXamarin", "ComparisonAppXamarin\ComparisonAppXamarin\ComparisonAppXamarin.csproj", "{C0E63725-483F-49BE-A30C-B8BC84791EBA}"
EndProject
Global
	GlobalSection(SolutionConfigurationPlatforms) = preSolution
		Debug|Any CPU = Debug|Any CPU
		Debug|iPhone = Debug|iPhone
		Debug|iPhoneSimulator = Debug|iPhoneSimulator
		Release|Any CPU = Release|Any CPU
		Release|iPhone = Release|iPhone
		Release|iPhoneSimulator = Release|iPhoneSimulator
	EndGlobalSection
	GlobalSection(ProjectConfigurationPlatforms) = postSolution
		{B9EA7DB4-29C4-4B0E-A52D-1AE244B8DF79}.Debug|Any CPU.ActiveCfg = Debug|Any CPU
		{B9EA7DB4-29C4-4B0E-A52D-1AE244B8DF79}.Debug|Any CPU.Build.0 = Debug|Any CPU
		{B9EA7DB4-29C4-4B0E-A52D-1AE244B8DF79}.Debug|Any CPU.Deploy.0 = Debug|Any CPU
		{B9EA7DB4-29C4-4B0E-A52D-1AE244B8DF79}.Debug|iPhone.ActiveCfg = Debug|Any CPU
		{B9EA7DB4-29C4-4B0E-A52D-1AE244B8DF79}.Debug|iPhone.Build.0 = Debug|Any CPU
		{B9EA7DB4-29C4-4B0E-A52D-1AE244B8DF79}.Debug|iPhone.Deploy.0 = Debug|Any CPU
		{B9EA7DB4-29C4-4B0E-A52D-1AE244B8DF79}.Debug|iPhoneSimulator.ActiveCfg = Debug|Any CPU
		{B9EA7DB4-29C4-4B0E-A52D-1AE244B8DF79}.Debug|iPhoneSimulator.Build.0 = Debug|Any CPU
		{B9EA7DB4-29C4-4B0E-A52D-1AE244B8DF79}.Debug|iPhoneSimulator.Deploy.0 = Debug|Any CPU
		{B9EA7DB4-29C4-4B0E-A52D-1AE244B8DF79}.Release|Any CPU.ActiveCfg = Release|Any CPU
		{B9EA7DB4-29C4-4B0E-A52D-1AE244B8DF79}.Release|Any CPU.Build.0 = Release|Any CPU
		{B9EA7DB4-29C4-4B0E-A52D-1AE244B8DF79}.Release|Any CPU.Deploy.0 = Release|Any CPU
		{B9EA7DB4-29C4-4B0E-A52D-1AE244B8DF79}.Release|iPhone.ActiveCfg = Release|Any CPU
		{B9EA7DB4-29C4-4B0E-A52D-1AE244B8DF79}.Release|iPhone.Build.0 = Release|Any CPU
		{B9EA7DB4-29C4-4B0E-A52D-1AE244B8DF79}.Release|iPhone.Deploy.0 = Release|Any CPU
		{B9EA7DB4-29C4-4B0E-A52D-1AE244B8DF79}.Release|iPhoneSimulator.ActiveCfg = Release|Any CPU
		{B9EA7DB4-29C4-4B0E-A52D-1AE244B8DF79}.Release|iPhoneSimulator.Build.0 = Release|Any CPU
		{B9EA7DB4-29C4-4B0E-A52D-1AE244B8DF79}.Release|iPhoneSimulator.Deploy.0 = Release|Any CPU
		{2AE8EC13-E88C-4D10-93F0-A98904E1635A}.Debug|Any CPU.ActiveCfg = Debug|iPhone
		{2AE8EC13-E88C-4D10-93F0-A98904E1635A}.Debug|Any CPU.Build.0 = Debug|iPhone
		{2AE8EC13-E88C-4D10-93F0-A98904E1635A}.Debug|Any CPU.Deploy.0 = Debug|iPhone
		{2AE8EC13-E88C-4D10-93F0-A98904E1635A}.Debug|iPhone.ActiveCfg = Debug|iPhone
		{2AE8EC13-E88C-4D10-93F0-A98904E1635A}.Debug|iPhone.Build.0 = Debug|iPhone
		{2AE8EC13-E88C-4D10-93F0-A98904E1635A}.Debug|iPhone.Deploy.0 = Debug|iPhone
		{2AE8EC13-E88C-4D10-93F0-A98904E1635A}.Debug|iPhoneSimulator.ActiveCfg = Debug|iPhoneSimulator
		{2AE8EC13-E88C-4D10-93F0-A98904E1635A}.Debug|iPhoneSimulator.Build.0 = Debug|iPhoneSimulator
		{2AE8EC13-E88C-4D10-93F0-A98904E1635A}.Debug|iPhoneSimulator.Deploy.0 = Debug|iPhoneSimulator
		{2AE8EC13-E88C-4D10-93F0-A98904E1635A}.Release|Any CPU.ActiveCfg = Release|iPhoneSimulator
		{2AE8EC13-E88C-4D10-93F0-A98904E1635A}.Release|Any CPU.Build.0 = Release|iPhoneSimulator
		{2AE8EC13-E88C-4D10-93F0-A98904E1635A}.Release|Any CPU.Deploy.0 = Release|iPhoneSimulator
		{2AE8EC13-E88C-4D10-93F0-A98904E1635A}.Release|iPhone.ActiveCfg = Release|iPhone
		{2AE8EC13-E88C-4D10-93F0-A98904E1635A}.Release|iPhone.Build.0 = Release|iPhone
		{2AE8EC13-E88C-4D10-93F0-A98904E1635A}.Release|iPhone.Deploy.0 = Release|iPhone
		{2AE8EC13-E88C-4D10-93F0-A98904E1635A}.Release|iPhoneSimulator.ActiveCfg = Release|iPhoneSimulator
		{2AE8EC13-E88C-4D10-93F0-A98904E1635A}.Release|iPhoneSimulator.Build.0 = Release|iPhoneSimulator
		{2AE8EC13-E88C-4D10-93F0-A98904E1635A}.Release|iPhoneSimulator.Deploy.0 = Release|iPhoneSimulator
		{C0E63725-483F-49BE-A30C-B8BC84791EBA}.Debug|Any CPU.ActiveCfg = Debug|Any CPU
		{C0E63725-483F-49BE-A30C-B8BC84791EBA}.Debug|Any CPU.Build.0 = Debug|Any CPU
		{C0E63725-483F-49BE-A30C-B8BC84791EBA}.Debug|Any CPU.Deploy.0 = Debug|Any CPU
		{C0E63725-483F-49BE-A30C-B8BC84791EBA}.Debug|iPhone.ActiveCfg = Debug|Any CPU
		{C0E63725-483F-49BE-A30C-B8BC84791EBA}.Debug|iPhone.Build.0 = Debug|Any CPU
		{C0E63725-483F-49BE-A30C-B8BC84791EBA}.Debug|iPhone.Deploy.0 = Debug|Any CPU
		{C0E63725-483F-49BE-A30C-B8BC84791EBA}.Debug|iPhoneSimulator.ActiveCfg = Debug|Any CPU
		{C0E63725-483F-49BE-A30C-B8BC84791EBA}.Debug|iPhoneSimulator.Build.0 = Debug|Any CPU
		{C0E63725-483F-49BE-A30C-B8BC84791EBA}.Debug|iPhoneSimulator.Deploy.0 = Debug|Any CPU
		{C0E63725-483F-49BE-A30C-B8BC84791EBA}.Release|Any CPU.ActiveCfg = Release|Any CPU
		{C0E63725-483F-49BE-A30C-B8BC84791EBA}.Release|Any CPU.Build.0 = Release|Any CPU
		{C0E63725-483F-49BE-A30C-B8BC84791EBA}.Release|Any CPU.Deploy.0 = Release|Any CPU
		{C0E63725-483F-49BE-A30C-B8BC84791EBA}.Release|iPhone.ActiveCfg = Release|Any CPU
		{C0E63725-483F-49BE-A30C-B8BC84791EBA}.Release|iPhone.Build.0 = Release|Any CPU
		{C0E63725-483F-49BE-A30C-B8BC84791EBA}.Release|iPhone.Deploy.0 = Release|Any CPU
		{C0E63725-483F-49BE-A30C-B8BC84791EBA}.Release|iPhoneSimulator.ActiveCfg = Release|Any CPU
		{C0E63725-483F-49BE-A30C-B8BC84791EBA}.Release|iPhoneSimulator.Build.0 = Release|Any CPU
		{C0E63725-483F-49BE-A30C-B8BC84791EBA}.Release|iPhoneSimulator.Deploy.0 = Release|Any CPU
	EndGlobalSection
	GlobalSection(SolutionProperties) = preSolution
		HideSolutionNode = FALSE
	EndGlobalSection
	GlobalSection(ExtensibilityGlobals) = postSolution
		SolutionGuid = {4361D63E-6549-4650-85CF-1EBFC02B0D63}
	EndGlobalSection
EndGlobal
